
Microsoft Visual Studio Solution File, Format Version 12.00
# Visual Studio Version 17
VisualStudioVersion = 17.0.31903.59
MinimumVisualStudioVersion = 10.0.40219.1
Project("{FAE04EC0-301F-11D3-BF4B-00C04F79EFBC}") = "LinkPoint.PartnerService", "LinkPoint.PartnerService\LinkPoint.PartnerService.csproj", "{CA3AFFEA-7C1A-42A5-8971-EC9F412B94AD}"
EndProject
Project("{FAE04EC0-301F-11D3-BF4B-00C04F79EFBC}") = "LinkPoint.LocationService", "LinkPoint.LocationService\LinkPoint.LocationService.csproj", "{BCC3FFB5-D39D-4ED8-ABF2-5DE28341393E}"
EndProject
Project("{FAE04EC0-301F-11D3-BF4B-00C04F79EFBC}") = "LinkPoint.PeriodService", "LinkPoint.PeriodService\LinkPoint.PeriodService.csproj", "{22A241C5-7606-4FEC-811B-78786B8BD63B}"
EndProject
Project("{FAE04EC0-301F-11D3-BF4B-00C04F79EFBC}") = "LinkPoint.NotificationService", "LinkPoint.NotificationService\LinkPoint.NotificationService.csproj", "{603895C1-97E6-4488-B4A1-E1E2A8124EF2}"
EndProject
Project("{FAE04EC0-301F-11D3-BF4B-00C04F79EFBC}") = "LinkPoint.IdentityService", "LinkPoint.IdentityService\LinkPoint.IdentityService.csproj", "{13597524-1EB7-4CA0-ABF0-9A5BC0D09FA4}"
EndProject
Project("{FAE04EC0-301F-11D3-BF4B-00C04F79EFBC}") = "LinkPoint.GatewayApi", "LinkPoint.GatewayApi\LinkPoint.GatewayApi.csproj", "{0B2D4891-7A5D-4F9B-9765-329F93CEC93C}"
EndProject
Project("{FAE04EC0-301F-11D3-BF4B-00C04F79EFBC}") = "LinkPoint.SharedKernel", "LinkPoint.SharedKernel\LinkPoint.SharedKernel.csproj", "{87448117-565A-42C7-9C57-1C426A5A0758}"
EndProject
Project("{FAE04EC0-301F-11D3-BF4B-00C04F79EFBC}") = "LinkPoint.Infrastructure", "LinkPoint.Infrastructure\LinkPoint.Infrastructure.csproj", "{B3771741-78D4-4FAE-B689-093A590264F0}"
EndProject
Project("{FAE04EC0-301F-11D3-BF4B-00C04F79EFBC}") = "LinkPoint.UnitTests", "LinkPoint.UnitTests\LinkPoint.UnitTests.csproj", "{BE3749DE-46E2-46EF-BE49-80642EF18EED}"
EndProject
Project("{FAE04EC0-301F-11D3-BF4B-00C04F79EFBC}") = "LinkPoint.IntegrationTests", "LinkPoint.IntegrationTests\LinkPoint.IntegrationTests.csproj", "{347DC6B1-A755-49F6-AB09-5FC908E63BDA}"
EndProject
Project("{2150E333-8FDC-42A3-9474-1A3956D46DE8}") = "src", "src", "{02EA681E-C7D8-13C7-8484-4AC65E1B71E8}"
EndProject
Project("{2150E333-8FDC-42A3-9474-1A3956D46DE8}") = "Services", "Services", "{A7F5D2B5-92E3-43C0-9A8C-0E469E80D1FE}"
EndProject
Project("{2150E333-8FDC-42A3-9474-1A3956D46DE8}") = "Shared", "Shared", "{5859F4BC-DD5B-4D65-9987-CC7430A69C0B}"
EndProject
Project("{2150E333-8FDC-42A3-9474-1A3956D46DE8}") = "tests", "tests", "{0F4A06B5-5BA0-43C1-898B-97EB799FC00F}"
EndProject
Project("{2150E333-8FDC-42A3-9474-1A3956D46DE8}") = "docs", "docs", "{880E3E1B-0406-4EE8-A138-9FF644C3485E}"
	ProjectSection(SolutionItems) = preProject
		architecture.md = architecture.md
	EndProjectSection
EndProject
Global
	GlobalSection(SolutionConfigurationPlatforms) = preSolution
		Debug|Any CPU = Debug|Any CPU
		Debug|x64 = Debug|x64
		Debug|x86 = Debug|x86
		Release|Any CPU = Release|Any CPU
		Release|x64 = Release|x64
		Release|x86 = Release|x86
	EndGlobalSection
	GlobalSection(ProjectConfigurationPlatforms) = postSolution
		{CA3AFFEA-7C1A-42A5-8971-EC9F412B94AD}.Debug|Any CPU.ActiveCfg = Debug|Any CPU
		{CA3AFFEA-7C1A-42A5-8971-EC9F412B94AD}.Debug|Any CPU.Build.0 = Debug|Any CPU
		{CA3AFFEA-7C1A-42A5-8971-EC9F412B94AD}.Debug|x64.ActiveCfg = Debug|Any CPU
		{CA3AFFEA-7C1A-42A5-8971-EC9F412B94AD}.Debug|x64.Build.0 = Debug|Any CPU
		{CA3AFFEA-7C1A-42A5-8971-EC9F412B94AD}.Debug|x86.ActiveCfg = Debug|Any CPU
		{CA3AFFEA-7C1A-42A5-8971-EC9F412B94AD}.Debug|x86.Build.0 = Debug|Any CPU
		{CA3AFFEA-7C1A-42A5-8971-EC9F412B94AD}.Release|Any CPU.ActiveCfg = Release|Any CPU
		{CA3AFFEA-7C1A-42A5-8971-EC9F412B94AD}.Release|Any CPU.Build.0 = Release|Any CPU
		{CA3AFFEA-7C1A-42A5-8971-EC9F412B94AD}.Release|x64.ActiveCfg = Release|Any CPU
		{CA3AFFEA-7C1A-42A5-8971-EC9F412B94AD}.Release|x64.Build.0 = Release|Any CPU
		{CA3AFFEA-7C1A-42A5-8971-EC9F412B94AD}.Release|x86.ActiveCfg = Release|Any CPU
		{CA3AFFEA-7C1A-42A5-8971-EC9F412B94AD}.Release|x86.Build.0 = Release|Any CPU
		{BCC3FFB5-D39D-4ED8-ABF2-5DE28341393E}.Debug|Any CPU.ActiveCfg = Debug|Any CPU
		{BCC3FFB5-D39D-4ED8-ABF2-5DE28341393E}.Debug|Any CPU.Build.0 = Debug|Any CPU
		{BCC3FFB5-D39D-4ED8-ABF2-5DE28341393E}.Debug|x64.ActiveCfg = Debug|Any CPU
		{BCC3FFB5-D39D-4ED8-ABF2-5DE28341393E}.Debug|x64.Build.0 = Debug|Any CPU
		{BCC3FFB5-D39D-4ED8-ABF2-5DE28341393E}.Debug|x86.ActiveCfg = Debug|Any CPU
		{BCC3FFB5-D39D-4ED8-ABF2-5DE28341393E}.Debug|x86.Build.0 = Debug|Any CPU
		{BCC3FFB5-D39D-4ED8-ABF2-5DE28341393E}.Release|Any CPU.ActiveCfg = Release|Any CPU
		{BCC3FFB5-D39D-4ED8-ABF2-5DE28341393E}.Release|Any CPU.Build.0 = Release|Any CPU
		{BCC3FFB5-D39D-4ED8-ABF2-5DE28341393E}.Release|x64.ActiveCfg = Release|Any CPU
		{BCC3FFB5-D39D-4ED8-ABF2-5DE28341393E}.Release|x64.Build.0 = Release|Any CPU
		{BCC3FFB5-D39D-4ED8-ABF2-5DE28341393E}.Release|x86.ActiveCfg = Release|Any CPU
		{BCC3FFB5-D39D-4ED8-ABF2-5DE28341393E}.Release|x86.Build.0 = Release|Any CPU
		{22A241C5-7606-4FEC-811B-78786B8BD63B}.Debug|Any CPU.ActiveCfg = Debug|Any CPU
		{22A241C5-7606-4FEC-811B-78786B8BD63B}.Debug|Any CPU.Build.0 = Debug|Any CPU
		{22A241C5-7606-4FEC-811B-78786B8BD63B}.Debug|x64.ActiveCfg = Debug|Any CPU
		{22A241C5-7606-4FEC-811B-78786B8BD63B}.Debug|x64.Build.0 = Debug|Any CPU
		{22A241C5-7606-4FEC-811B-78786B8BD63B}.Debug|x86.ActiveCfg = Debug|Any CPU
		{22A241C5-7606-4FEC-811B-78786B8BD63B}.Debug|x86.Build.0 = Debug|Any CPU
		{22A241C5-7606-4FEC-811B-78786B8BD63B}.Release|Any CPU.ActiveCfg = Release|Any CPU
		{22A241C5-7606-4FEC-811B-78786B8BD63B}.Release|Any CPU.Build.0 = Release|Any CPU
		{22A241C5-7606-4FEC-811B-78786B8BD63B}.Release|x64.ActiveCfg = Release|Any CPU
		{22A241C5-7606-4FEC-811B-78786B8BD63B}.Release|x64.Build.0 = Release|Any CPU
		{22A241C5-7606-4FEC-811B-78786B8BD63B}.Release|x86.ActiveCfg = Release|Any CPU
		{22A241C5-7606-4FEC-811B-78786B8BD63B}.Release|x86.Build.0 = Release|Any CPU
		{603895C1-97E6-4488-B4A1-E1E2A8124EF2}.Debug|Any CPU.ActiveCfg = Debug|Any CPU
		{603895C1-97E6-4488-B4A1-E1E2A8124EF2}.Debug|Any CPU.Build.0 = Debug|Any CPU
		{603895C1-97E6-4488-B4A1-E1E2A8124EF2}.Debug|x64.ActiveCfg = Debug|Any CPU
		{603895C1-97E6-4488-B4A1-E1E2A8124EF2}.Debug|x64.Build.0 = Debug|Any CPU
		{603895C1-97E6-4488-B4A1-E1E2A8124EF2}.Debug|x86.ActiveCfg = Debug|Any CPU
		{603895C1-97E6-4488-B4A1-E1E2A8124EF2}.Debug|x86.Build.0 = Debug|Any CPU
		{603895C1-97E6-4488-B4A1-E1E2A8124EF2}.Release|Any CPU.ActiveCfg = Release|Any CPU
		{603895C1-97E6-4488-B4A1-E1E2A8124EF2}.Release|Any CPU.Build.0 = Release|Any CPU
		{603895C1-97E6-4488-B4A1-E1E2A8124EF2}.Release|x64.ActiveCfg = Release|Any CPU
		{603895C1-97E6-4488-B4A1-E1E2A8124EF2}.Release|x64.Build.0 = Release|Any CPU
		{603895C1-97E6-4488-B4A1-E1E2A8124EF2}.Release|x86.ActiveCfg = Release|Any CPU
		{603895C1-97E6-4488-B4A1-E1E2A8124EF2}.Release|x86.Build.0 = Release|Any CPU
		{13597524-1EB7-4CA0-ABF0-9A5BC0D09FA4}.Debug|Any CPU.ActiveCfg = Debug|Any CPU
		{13597524-1EB7-4CA0-ABF0-9A5BC0D09FA4}.Debug|Any CPU.Build.0 = Debug|Any CPU
		{13597524-1EB7-4CA0-ABF0-9A5BC0D09FA4}.Debug|x64.ActiveCfg = Debug|Any CPU
		{13597524-1EB7-4CA0-ABF0-9A5BC0D09FA4}.Debug|x64.Build.0 = Debug|Any CPU
		{13597524-1EB7-4CA0-ABF0-9A5BC0D09FA4}.Debug|x86.ActiveCfg = Debug|Any CPU
		{13597524-1EB7-4CA0-ABF0-9A5BC0D09FA4}.Debug|x86.Build.0 = Debug|Any CPU
		{13597524-1EB7-4CA0-ABF0-9A5BC0D09FA4}.Release|Any CPU.ActiveCfg = Release|Any CPU
		{13597524-1EB7-4CA0-ABF0-9A5BC0D09FA4}.Release|Any CPU.Build.0 = Release|Any CPU
		{13597524-1EB7-4CA0-ABF0-9A5BC0D09FA4}.Release|x64.ActiveCfg = Release|Any CPU
		{13597524-1EB7-4CA0-ABF0-9A5BC0D09FA4}.Release|x64.Build.0 = Release|Any CPU
		{13597524-1EB7-4CA0-ABF0-9A5BC0D09FA4}.Release|x86.ActiveCfg = Release|Any CPU
		{13597524-1EB7-4CA0-ABF0-9A5BC0D09FA4}.Release|x86.Build.0 = Release|Any CPU
		{0B2D4891-7A5D-4F9B-9765-329F93CEC93C}.Debug|Any CPU.ActiveCfg = Debug|Any CPU
		{0B2D4891-7A5D-4F9B-9765-329F93CEC93C}.Debug|Any CPU.Build.0 = Debug|Any CPU
		{0B2D4891-7A5D-4F9B-9765-329F93CEC93C}.Debug|x64.ActiveCfg = Debug|Any CPU
		{0B2D4891-7A5D-4F9B-9765-329F93CEC93C}.Debug|x64.Build.0 = Debug|Any CPU
		{0B2D4891-7A5D-4F9B-9765-329F93CEC93C}.Debug|x86.ActiveCfg = Debug|Any CPU
		{0B2D4891-7A5D-4F9B-9765-329F93CEC93C}.Debug|x86.Build.0 = Debug|Any CPU
		{0B2D4891-7A5D-4F9B-9765-329F93CEC93C}.Release|Any CPU.ActiveCfg = Release|Any CPU
		{0B2D4891-7A5D-4F9B-9765-329F93CEC93C}.Release|Any CPU.Build.0 = Release|Any CPU
		{0B2D4891-7A5D-4F9B-9765-329F93CEC93C}.Release|x64.ActiveCfg = Release|Any CPU
		{0B2D4891-7A5D-4F9B-9765-329F93CEC93C}.Release|x64.Build.0 = Release|Any CPU
		{0B2D4891-7A5D-4F9B-9765-329F93CEC93C}.Release|x86.ActiveCfg = Release|Any CPU
		{0B2D4891-7A5D-4F9B-9765-329F93CEC93C}.Release|x86.Build.0 = Release|Any CPU
		{87448117-565A-42C7-9C57-1C426A5A0758}.Debug|Any CPU.ActiveCfg = Debug|Any CPU
		{87448117-565A-42C7-9C57-1C426A5A0758}.Debug|Any CPU.Build.0 = Debug|Any CPU
		{87448117-565A-42C7-9C57-1C426A5A0758}.Debug|x64.ActiveCfg = Debug|Any CPU
		{87448117-565A-42C7-9C57-1C426A5A0758}.Debug|x64.Build.0 = Debug|Any CPU
		{87448117-565A-42C7-9C57-1C426A5A0758}.Debug|x86.ActiveCfg = Debug|Any CPU
		{87448117-565A-42C7-9C57-1C426A5A0758}.Debug|x86.Build.0 = Debug|Any CPU
		{87448117-565A-42C7-9C57-1C426A5A0758}.Release|Any CPU.ActiveCfg = Release|Any CPU
		{87448117-565A-42C7-9C57-1C426A5A0758}.Release|Any CPU.Build.0 = Release|Any CPU
		{87448117-565A-42C7-9C57-1C426A5A0758}.Release|x64.ActiveCfg = Release|Any CPU
		{87448117-565A-42C7-9C57-1C426A5A0758}.Release|x64.Build.0 = Release|Any CPU
		{87448117-565A-42C7-9C57-1C426A5A0758}.Release|x86.ActiveCfg = Release|Any CPU
		{87448117-565A-42C7-9C57-1C426A5A0758}.Release|x86.Build.0 = Release|Any CPU
		{B3771741-78D4-4FAE-B689-093A590264F0}.Debug|Any CPU.ActiveCfg = Debug|Any CPU
		{B3771741-78D4-4FAE-B689-093A590264F0}.Debug|Any CPU.Build.0 = Debug|Any CPU
		{B3771741-78D4-4FAE-B689-093A590264F0}.Debug|x64.ActiveCfg = Debug|Any CPU
		{B3771741-78D4-4FAE-B689-093A590264F0}.Debug|x64.Build.0 = Debug|Any CPU
		{B3771741-78D4-4FAE-B689-093A590264F0}.Debug|x86.ActiveCfg = Debug|Any CPU
		{B3771741-78D4-4FAE-B689-093A590264F0}.Debug|x86.Build.0 = Debug|Any CPU
		{B3771741-78D4-4FAE-B689-093A590264F0}.Release|Any CPU.ActiveCfg = Release|Any CPU
		{B3771741-78D4-4FAE-B689-093A590264F0}.Release|Any CPU.Build.0 = Release|Any CPU
		{B3771741-78D4-4FAE-B689-093A590264F0}.Release|x64.ActiveCfg = Release|Any CPU
		{B3771741-78D4-4FAE-B689-093A590264F0}.Release|x64.Build.0 = Release|Any CPU
		{B3771741-78D4-4FAE-B689-093A590264F0}.Release|x86.ActiveCfg = Release|Any CPU
		{B3771741-78D4-4FAE-B689-093A590264F0}.Release|x86.Build.0 = Release|Any CPU
		{BE3749DE-46E2-46EF-BE49-80642EF18EED}.Debug|Any CPU.ActiveCfg = Debug|Any CPU
		{BE3749DE-46E2-46EF-BE49-80642EF18EED}.Debug|Any CPU.Build.0 = Debug|Any CPU
		{BE3749DE-46E2-46EF-BE49-80642EF18EED}.Debug|x64.ActiveCfg = Debug|Any CPU
		{BE3749DE-46E2-46EF-BE49-80642EF18EED}.Debug|x64.Build.0 = Debug|Any CPU
		{BE3749DE-46E2-46EF-BE49-80642EF18EED}.Debug|x86.ActiveCfg = Debug|Any CPU
		{BE3749DE-46E2-46EF-BE49-80642EF18EED}.Debug|x86.Build.0 = Debug|Any CPU
		{BE3749DE-46E2-46EF-BE49-80642EF18EED}.Release|Any CPU.ActiveCfg = Release|Any CPU
		{BE3749DE-46E2-46EF-BE49-80642EF18EED}.Release|Any CPU.Build.0 = Release|Any CPU
		{BE3749DE-46E2-46EF-BE49-80642EF18EED}.Release|x64.ActiveCfg = Release|Any CPU
		{BE3749DE-46E2-46EF-BE49-80642EF18EED}.Release|x64.Build.0 = Release|Any CPU
		{BE3749DE-46E2-46EF-BE49-80642EF18EED}.Release|x86.ActiveCfg = Release|Any CPU
		{BE3749DE-46E2-46EF-BE49-80642EF18EED}.Release|x86.Build.0 = Release|Any CPU
		{347DC6B1-A755-49F6-AB09-5FC908E63BDA}.Debug|Any CPU.ActiveCfg = Debug|Any CPU
		{347DC6B1-A755-49F6-AB09-5FC908E63BDA}.Debug|Any CPU.Build.0 = Debug|Any CPU
		{347DC6B1-A755-49F6-AB09-5FC908E63BDA}.Debug|x64.ActiveCfg = Debug|Any CPU
		{347DC6B1-A755-49F6-AB09-5FC908E63BDA}.Debug|x64.Build.0 = Debug|Any CPU
		{347DC6B1-A755-49F6-AB09-5FC908E63BDA}.Debug|x86.ActiveCfg = Debug|Any CPU
		{347DC6B1-A755-49F6-AB09-5FC908E63BDA}.Debug|x86.Build.0 = Debug|Any CPU
		{347DC6B1-A755-49F6-AB09-5FC908E63BDA}.Release|Any CPU.ActiveCfg = Release|Any CPU
		{347DC6B1-A755-49F6-AB09-5FC908E63BDA}.Release|Any CPU.Build.0 = Release|Any CPU
		{347DC6B1-A755-49F6-AB09-5FC908E63BDA}.Release|x64.ActiveCfg = Release|Any CPU
		{347DC6B1-A755-49F6-AB09-5FC908E63BDA}.Release|x64.Build.0 = Release|Any CPU
		{347DC6B1-A755-49F6-AB09-5FC908E63BDA}.Release|x86.ActiveCfg = Release|Any CPU
		{347DC6B1-A755-49F6-AB09-5FC908E63BDA}.Release|x86.Build.0 = Release|Any CPU
	EndGlobalSection
	GlobalSection(SolutionProperties) = preSolution
		HideSolutionNode = FALSE
	EndGlobalSection
	GlobalSection(NestedProjects) = preSolution
		{CA3AFFEA-7C1A-42A5-8971-EC9F412B94AD} = {A7F5D2B5-92E3-43C0-9A8C-0E469E80D1FE}
		{BCC3FFB5-D39D-4ED8-ABF2-5DE28341393E} = {A7F5D2B5-92E3-43C0-9A8C-0E469E80D1FE}
		{22A241C5-7606-4FEC-811B-78786B8BD63B} = {A7F5D2B5-92E3-43C0-9A8C-0E469E80D1FE}
		{603895C1-97E6-4488-B4A1-E1E2A8124EF2} = {A7F5D2B5-92E3-43C0-9A8C-0E469E80D1FE}
		{13597524-1EB7-4CA0-ABF0-9A5BC0D09FA4} = {A7F5D2B5-92E3-43C0-9A8C-0E469E80D1FE}
		{0B2D4891-7A5D-4F9B-9765-329F93CEC93C} = {A7F5D2B5-92E3-43C0-9A8C-0E469E80D1FE}
		{87448117-565A-42C7-9C57-1C426A5A0758} = {5859F4BC-DD5B-4D65-9987-CC7430A69C0B}
		{B3771741-78D4-4FAE-B689-093A590264F0} = {5859F4BC-DD5B-4D65-9987-CC7430A69C0B}
		{BE3749DE-46E2-46EF-BE49-80642EF18EED} = {0F4A06B5-5BA0-43C1-898B-97EB799FC00F}
		{347DC6B1-A755-49F6-AB09-5FC908E63BDA} = {0F4A06B5-5BA0-43C1-898B-97EB799FC00F}
		{A7F5D2B5-92E3-43C0-9A8C-0E469E80D1FE} = {02EA681E-C7D8-13C7-8484-4AC65E1B71E8}
		{5859F4BC-DD5B-4D65-9987-CC7430A69C0B} = {02EA681E-C7D8-13C7-8484-4AC65E1B71E8}
	EndGlobalSection
	GlobalSection(ExtensibilityGlobals) = postSolution
		SolutionGuid = {7248595A-0BED-48DC-A463-09A903CBCD32}
	EndGlobalSection
EndGlobal
